
Microsoft Visual Studio Solution File, Format Version 12.00
# Visual Studio Version 16
VisualStudioVersion = 16.0.32228.343
MinimumVisualStudioVersion = 10.0.40219.1
Project("{9A19103F-16F7-4668-BE54-9A1E7A4F7556}") = "MyContacts", "MyContacts\MyContacts.csproj", "{73517D43-2352-4733-BE7D-4A5DB25E71EE}"
EndProject
Global
	GlobalSection(SolutionConfigurationPlatforms) = preSolution
		Debug|Any CPU = Debug|Any CPU
		Release|Any CPU = Release|Any CPU
	EndGlobalSection
	GlobalSection(ProjectConfigurationPlatforms) = postSolution
		{73517D43-2352-4733-BE7D-4A5DB25E71EE}.Debug|Any CPU.ActiveCfg = Debug|Any CPU
		{73517D43-2352-4733-BE7D-4A5DB25E71EE}.Debug|Any CPU.Build.0 = Debug|Any CPU
		{73517D43-2352-4733-BE7D-4A5DB25E71EE}.Release|Any CPU.ActiveCfg = Release|Any CPU
		{73517D43-2352-4733-BE7D-4A5DB25E71EE}.Release|Any CPU.Build.0 = Release|Any CPU
	EndGlobalSection
	GlobalSection(SolutionProperties) = preSolution
		HideSolutionNode = FALSE
	EndGlobalSection
	GlobalSection(ExtensibilityGlobals) = postSolution
		SolutionGuid = {F9D20AB9-EFA6-4876-B5F6-BFA25E49EE18}
	EndGlobalSection
EndGlobal
